
Microsoft Visual Studio Solution File, Format Version 12.00
# Visual Studio Version 17
VisualStudioVersion = 17.2.32602.215
MinimumVisualStudioVersion = 10.0.40219.1
Project("{FAE04EC0-301F-11D3-BF4B-00C04F79EFBC}") = "RestDemo.Android", "RestDemo.Android\RestDemo.Android.csproj", "{F467BEA9-85A5-417C-AB9A-92F724823D80}"
EndProject
Project("{FAE04EC0-301F-11D3-BF4B-00C04F79EFBC}") = "RestDemo", "RestDemo\RestDemo.csproj", "{A5DDD57E-4C3D-439E-869E-739203DC775A}"
EndProject
Global
	GlobalSection(SolutionConfigurationPlatforms) = preSolution
		Debug|Any CPU = Debug|Any CPU
		Release|Any CPU = Release|Any CPU
	EndGlobalSection
	GlobalSection(ProjectConfigurationPlatforms) = postSolution
		{F467BEA9-85A5-417C-AB9A-92F724823D80}.Debug|Any CPU.ActiveCfg = Debug|Any CPU
		{F467BEA9-85A5-417C-AB9A-92F724823D80}.Debug|Any CPU.Build.0 = Debug|Any CPU
		{F467BEA9-85A5-417C-AB9A-92F724823D80}.Debug|Any CPU.Deploy.0 = Debug|Any CPU
		{F467BEA9-85A5-417C-AB9A-92F724823D80}.Release|Any CPU.ActiveCfg = Release|Any CPU
		{F467BEA9-85A5-417C-AB9A-92F724823D80}.Release|Any CPU.Build.0 = Release|Any CPU
		{F467BEA9-85A5-417C-AB9A-92F724823D80}.Release|Any CPU.Deploy.0 = Release|Any CPU
		{A5DDD57E-4C3D-439E-869E-739203DC775A}.Debug|Any CPU.ActiveCfg = Debug|Any CPU
		{A5DDD57E-4C3D-439E-869E-739203DC775A}.Debug|Any CPU.Build.0 = Debug|Any CPU
		{A5DDD57E-4C3D-439E-869E-739203DC775A}.Debug|Any CPU.Deploy.0 = Debug|Any CPU
		{A5DDD57E-4C3D-439E-869E-739203DC775A}.Release|Any CPU.ActiveCfg = Release|Any CPU
		{A5DDD57E-4C3D-439E-869E-739203DC775A}.Release|Any CPU.Build.0 = Release|Any CPU
		{A5DDD57E-4C3D-439E-869E-739203DC775A}.Release|Any CPU.Deploy.0 = Release|Any CPU
	EndGlobalSection
	GlobalSection(SolutionProperties) = preSolution
		HideSolutionNode = FALSE
	EndGlobalSection
	GlobalSection(ExtensibilityGlobals) = postSolution
		SolutionGuid = {D70C67AB-AB24-479E-B4B3-6D365E36AA9A}
	EndGlobalSection
EndGlobal
